// !$*UTF8*$!
{
	archiveVersion = 1;
	classes = {
	};
	objectVersion = 52;
	objects = {

/* Begin PBXAggregateTarget section */
		"locky::LockyPackageTests::ProductTarget" /* LockyPackageTests */ = {
			isa = PBXAggregateTarget;
			buildConfigurationList = OBJ_31 /* Build configuration list for PBXAggregateTarget "LockyPackageTests" */;
			buildPhases = (
			);
			dependencies = (
				OBJ_34 /* PBXTargetDependency */,
			);
			name = LockyPackageTests;
			productName = LockyPackageTests;
		};
/* End PBXAggregateTarget section */

/* Begin PBXBuildFile section */
		485D027F2906EA00000DCB94 /* LockyService.swift in Sources */ = {isa = PBXBuildFile; fileRef = 485D027E2906EA00000DCB94 /* LockyService.swift */; };
		485D02812906EA1A000DCB94 /* Environment.swift in Sources */ = {isa = PBXBuildFile; fileRef = 485D02802906EA1A000DCB94 /* Environment.swift */; };
		485D02832906EE07000DCB94 /* Network.swift in Sources */ = {isa = PBXBuildFile; fileRef = 485D02822906EE07000DCB94 /* Network.swift */; };
		485D02872906EFD8000DCB94 /* Alamofire in Frameworks */ = {isa = PBXBuildFile; productRef = 485D02862906EFD8000DCB94 /* Alamofire */; };
		485D028A2906F41B000DCB94 /* LockyBLEHelper.swift in Sources */ = {isa = PBXBuildFile; fileRef = 485D02892906F41B000DCB94 /* LockyBLEHelper.swift */; };
		485D053F29082FFB000DCB94 /* LockyMobileKey.swift in Sources */ = {isa = PBXBuildFile; fileRef = 485D053E29082FFB000DCB94 /* LockyMobileKey.swift */; };
		485D05432908335A000DCB94 /* SnapKit in Frameworks */ = {isa = PBXBuildFile; productRef = 485D05422908335A000DCB94 /* SnapKit */; };
		48954831290E6A490000D4D0 /* String+Extensions.swift in Sources */ = {isa = PBXBuildFile; fileRef = 48954830290E6A490000D4D0 /* String+Extensions.swift */; };
		48954837290EB4850000D4D0 /* TokenModel.swift in Sources */ = {isa = PBXBuildFile; fileRef = 48954836290EB4850000D4D0 /* TokenModel.swift */; };
		OBJ_22 /* LockyView.swift in Sources */ = {isa = PBXBuildFile; fileRef = OBJ_9 /* LockyView.swift */; };
		OBJ_29 /* Package.swift in Sources */ = {isa = PBXBuildFile; fileRef = OBJ_6 /* Package.swift */; };
		OBJ_40 /* LockyTests.swift in Sources */ = {isa = PBXBuildFile; fileRef = OBJ_12 /* LockyTests.swift */; };
		OBJ_42 /* Locky.framework in Frameworks */ = {isa = PBXBuildFile; fileRef = "locky::Locky::Product" /* Locky.framework */; };
/* End PBXBuildFile section */

/* Begin PBXContainerItemProxy section */
		485D02782906E7E9000DCB94 /* PBXContainerItemProxy */ = {
			isa = PBXContainerItemProxy;
			containerPortal = OBJ_1 /* Project object */;
			proxyType = 1;
			remoteGlobalIDString = "locky::LockyTests";
			remoteInfo = LockyTests;
		};
		485D02792906E7E9000DCB94 /* PBXContainerItemProxy */ = {
			isa = PBXContainerItemProxy;
			containerPortal = OBJ_1 /* Project object */;
			proxyType = 1;
			remoteGlobalIDString = "locky::Locky";
			remoteInfo = Locky;
		};
/* End PBXContainerItemProxy section */

/* Begin PBXFileReference section */
		485D027E2906EA00000DCB94 /* LockyService.swift */ = {isa = PBXFileReference; lastKnownFileType = sourcecode.swift; path = LockyService.swift; sourceTree = "<group>"; };
		485D02802906EA1A000DCB94 /* Environment.swift */ = {isa = PBXFileReference; lastKnownFileType = sourcecode.swift; path = Environment.swift; sourceTree = "<group>"; };
		485D02822906EE07000DCB94 /* Network.swift */ = {isa = PBXFileReference; lastKnownFileType = sourcecode.swift; path = Network.swift; sourceTree = "<group>"; };
		485D02892906F41B000DCB94 /* LockyBLEHelper.swift */ = {isa = PBXFileReference; lastKnownFileType = sourcecode.swift; path = LockyBLEHelper.swift; sourceTree = "<group>"; };
		485D053E29082FFB000DCB94 /* LockyMobileKey.swift */ = {isa = PBXFileReference; lastKnownFileType = sourcecode.swift; path = LockyMobileKey.swift; sourceTree = "<group>"; };
		48954830290E6A490000D4D0 /* String+Extensions.swift */ = {isa = PBXFileReference; fileEncoding = 4; lastKnownFileType = sourcecode.swift; path = "String+Extensions.swift"; sourceTree = "<group>"; };
		48954836290EB4850000D4D0 /* TokenModel.swift */ = {isa = PBXFileReference; lastKnownFileType = sourcecode.swift; path = TokenModel.swift; sourceTree = "<group>"; };
		OBJ_12 /* LockyTests.swift */ = {isa = PBXFileReference; lastKnownFileType = sourcecode.swift; path = LockyTests.swift; sourceTree = "<group>"; };
		OBJ_6 /* Package.swift */ = {isa = PBXFileReference; explicitFileType = sourcecode.swift; path = Package.swift; sourceTree = "<group>"; };
		OBJ_9 /* LockyView.swift */ = {isa = PBXFileReference; lastKnownFileType = sourcecode.swift; path = LockyView.swift; sourceTree = "<group>"; };
		"locky::Locky::Product" /* Locky.framework */ = {isa = PBXFileReference; explicitFileType = wrapper.framework; path = Locky.framework; sourceTree = BUILT_PRODUCTS_DIR; };
		"locky::LockyTests::Product" /* LockyTests.xctest */ = {isa = PBXFileReference; lastKnownFileType = file; path = LockyTests.xctest; sourceTree = BUILT_PRODUCTS_DIR; };
/* End PBXFileReference section */

/* Begin PBXFrameworksBuildPhase section */
		OBJ_23 /* Frameworks */ = {
			isa = PBXFrameworksBuildPhase;
			buildActionMask = 0;
			files = (
				485D02872906EFD8000DCB94 /* Alamofire in Frameworks */,
				485D05432908335A000DCB94 /* SnapKit in Frameworks */,
			);
			runOnlyForDeploymentPostprocessing = 0;
		};
		OBJ_41 /* Frameworks */ = {
			isa = PBXFrameworksBuildPhase;
			buildActionMask = 0;
			files = (
				OBJ_42 /* Locky.framework in Frameworks */,
			);
			runOnlyForDeploymentPostprocessing = 0;
		};
/* End PBXFrameworksBuildPhase section */

/* Begin PBXGroup section */
		4895482F290E6A3B0000D4D0 /* Utils */ = {
			isa = PBXGroup;
			children = (
				485D02822906EE07000DCB94 /* Network.swift */,
				48954830290E6A490000D4D0 /* String+Extensions.swift */,
			);
			path = Utils;
			sourceTree = "<group>";
		};
		48954838290EB7EF0000D4D0 /* Model */ = {
			isa = PBXGroup;
			children = (
				485D053E29082FFB000DCB94 /* LockyMobileKey.swift */,
				48954836290EB4850000D4D0 /* TokenModel.swift */,
			);
			path = Model;
			sourceTree = "<group>";
		};
		OBJ_10 /* Tests */ = {
			isa = PBXGroup;
			children = (
				OBJ_11 /* LockyTests */,
			);
			name = Tests;
			sourceTree = SOURCE_ROOT;
		};
		OBJ_11 /* LockyTests */ = {
			isa = PBXGroup;
			children = (
				OBJ_12 /* LockyTests.swift */,
			);
			name = LockyTests;
			path = Tests/LockyTests;
			sourceTree = SOURCE_ROOT;
		};
		OBJ_13 /* Dependencies */ = {
			isa = PBXGroup;
			children = (
			);
			name = Dependencies;
			sourceTree = "<group>";
		};
		OBJ_14 /* Products */ = {
			isa = PBXGroup;
			children = (
				"locky::Locky::Product" /* Locky.framework */,
				"locky::LockyTests::Product" /* LockyTests.xctest */,
			);
			name = Products;
			sourceTree = BUILT_PRODUCTS_DIR;
		};
		OBJ_5 = {
			isa = PBXGroup;
			children = (
				OBJ_6 /* Package.swift */,
				OBJ_7 /* Sources */,
				OBJ_10 /* Tests */,
				OBJ_13 /* Dependencies */,
				OBJ_14 /* Products */,
			);
			sourceTree = "<group>";
		};
		OBJ_7 /* Sources */ = {
			isa = PBXGroup;
			children = (
				OBJ_8 /* Locky */,
			);
			name = Sources;
			sourceTree = SOURCE_ROOT;
		};
		OBJ_8 /* Locky */ = {
			isa = PBXGroup;
			children = (
				48954838290EB7EF0000D4D0 /* Model */,
				4895482F290E6A3B0000D4D0 /* Utils */,
				OBJ_9 /* LockyView.swift */,
				485D027E2906EA00000DCB94 /* LockyService.swift */,
				485D02802906EA1A000DCB94 /* Environment.swift */,
				485D02892906F41B000DCB94 /* LockyBLEHelper.swift */,
			);
			name = Locky;
			path = Sources/Locky;
			sourceTree = SOURCE_ROOT;
		};
/* End PBXGroup section */

/* Begin PBXNativeTarget section */
		"locky::Locky" /* Locky */ = {
			isa = PBXNativeTarget;
			buildConfigurationList = OBJ_18 /* Build configuration list for PBXNativeTarget "Locky" */;
			buildPhases = (
				OBJ_21 /* Sources */,
				OBJ_23 /* Frameworks */,
			);
			buildRules = (
			);
			dependencies = (
			);
			name = Locky;
			packageProductDependencies = (
				485D02862906EFD8000DCB94 /* Alamofire */,
				485D05422908335A000DCB94 /* SnapKit */,
			);
			productName = Locky;
			productReference = "locky::Locky::Product" /* Locky.framework */;
			productType = "com.apple.product-type.framework";
		};
		"locky::LockyTests" /* LockyTests */ = {
			isa = PBXNativeTarget;
			buildConfigurationList = OBJ_36 /* Build configuration list for PBXNativeTarget "LockyTests" */;
			buildPhases = (
				OBJ_39 /* Sources */,
				OBJ_41 /* Frameworks */,
			);
			buildRules = (
			);
			dependencies = (
				OBJ_43 /* PBXTargetDependency */,
			);
			name = LockyTests;
			productName = LockyTests;
			productReference = "locky::LockyTests::Product" /* LockyTests.xctest */;
			productType = "com.apple.product-type.bundle.unit-test";
		};
		"locky::SwiftPMPackageDescription" /* LockyPackageDescription */ = {
			isa = PBXNativeTarget;
			buildConfigurationList = OBJ_25 /* Build configuration list for PBXNativeTarget "LockyPackageDescription" */;
			buildPhases = (
				OBJ_28 /* Sources */,
			);
			buildRules = (
			);
			dependencies = (
			);
			name = LockyPackageDescription;
			productName = LockyPackageDescription;
			productType = "com.apple.product-type.framework";
		};
/* End PBXNativeTarget section */

/* Begin PBXProject section */
		OBJ_1 /* Project object */ = {
			isa = PBXProject;
			attributes = {
				LastSwiftMigration = 9999;
				LastUpgradeCheck = 9999;
			};
			buildConfigurationList = OBJ_2 /* Build configuration list for PBXProject "Locky" */;
			compatibilityVersion = "Xcode 3.2";
			developmentRegion = en;
			hasScannedForEncodings = 0;
			knownRegions = (
				en,
			);
			mainGroup = OBJ_5;
			packageReferences = (
				485D02852906EFD8000DCB94 /* XCRemoteSwiftPackageReference "Alamofire" */,
				485D05412908335A000DCB94 /* XCRemoteSwiftPackageReference "SnapKit" */,
			);
			productRefGroup = OBJ_14 /* Products */;
			projectDirPath = "";
			projectRoot = "";
			targets = (
				"locky::Locky" /* Locky */,
				"locky::SwiftPMPackageDescription" /* LockyPackageDescription */,
				"locky::LockyPackageTests::ProductTarget" /* LockyPackageTests */,
				"locky::LockyTests" /* LockyTests */,
			);
		};
/* End PBXProject section */

/* Begin PBXSourcesBuildPhase section */
		OBJ_21 /* Sources */ = {
			isa = PBXSourcesBuildPhase;
			buildActionMask = 0;
			files = (
				485D027F2906EA00000DCB94 /* LockyService.swift in Sources */,
				48954831290E6A490000D4D0 /* String+Extensions.swift in Sources */,
				485D02812906EA1A000DCB94 /* Environment.swift in Sources */,
				485D02832906EE07000DCB94 /* Network.swift in Sources */,
				485D053F29082FFB000DCB94 /* LockyMobileKey.swift in Sources */,
				48954837290EB4850000D4D0 /* TokenModel.swift in Sources */,
				OBJ_22 /* LockyView.swift in Sources */,
				485D028A2906F41B000DCB94 /* LockyBLEHelper.swift in Sources */,
			);
			runOnlyForDeploymentPostprocessing = 0;
		};
		OBJ_28 /* Sources */ = {
			isa = PBXSourcesBuildPhase;
			buildActionMask = 0;
			files = (
				OBJ_29 /* Package.swift in Sources */,
			);
			runOnlyForDeploymentPostprocessing = 0;
		};
		OBJ_39 /* Sources */ = {
			isa = PBXSourcesBuildPhase;
			buildActionMask = 0;
			files = (
				OBJ_40 /* LockyTests.swift in Sources */,
			);
			runOnlyForDeploymentPostprocessing = 0;
		};
/* End PBXSourcesBuildPhase section */

/* Begin PBXTargetDependency section */
		OBJ_34 /* PBXTargetDependency */ = {
			isa = PBXTargetDependency;
			target = "locky::LockyTests" /* LockyTests */;
			targetProxy = 485D02782906E7E9000DCB94 /* PBXContainerItemProxy */;
		};
		OBJ_43 /* PBXTargetDependency */ = {
			isa = PBXTargetDependency;
			target = "locky::Locky" /* Locky */;
			targetProxy = 485D02792906E7E9000DCB94 /* PBXContainerItemProxy */;
		};
/* End PBXTargetDependency section */

/* Begin XCBuildConfiguration section */
		OBJ_19 /* Debug */ = {
			isa = XCBuildConfiguration;
			buildSettings = {
				CURRENT_PROJECT_VERSION = 1;
				DRIVERKIT_DEPLOYMENT_TARGET = 19.0;
				ENABLE_TESTABILITY = YES;
				FRAMEWORK_SEARCH_PATHS = (
					"$(inherited)",
					"$(PLATFORM_DIR)/Developer/Library/Frameworks",
				);
				HEADER_SEARCH_PATHS = "$(inherited)";
				INFOPLIST_FILE = Locky.xcodeproj/Locky_Info.plist;
				IPHONEOS_DEPLOYMENT_TARGET = 11.0;
				LD_RUNPATH_SEARCH_PATHS = (
					"$(inherited)",
					"$(TOOLCHAIN_DIR)/usr/lib/swift/macosx",
				);
				MACOSX_DEPLOYMENT_TARGET = 10.10;
				OTHER_CFLAGS = "$(inherited)";
				OTHER_LDFLAGS = "$(inherited)";
				OTHER_SWIFT_FLAGS = "$(inherited)";
				PRODUCT_BUNDLE_IDENTIFIER = Locky;
				PRODUCT_MODULE_NAME = "$(TARGET_NAME:c99extidentifier)";
				PRODUCT_NAME = "$(TARGET_NAME:c99extidentifier)";
				SKIP_INSTALL = YES;
				SWIFT_ACTIVE_COMPILATION_CONDITIONS = "$(inherited)";
				SWIFT_VERSION = 5.0;
				TARGET_NAME = Locky;
				TVOS_DEPLOYMENT_TARGET = 11.0;
				WATCHOS_DEPLOYMENT_TARGET = 2.0;
			};
			name = Debug;
		};
		OBJ_20 /* Release */ = {
			isa = XCBuildConfiguration;
			buildSettings = {
				CURRENT_PROJECT_VERSION = 1;
				DRIVERKIT_DEPLOYMENT_TARGET = 19.0;
				ENABLE_TESTABILITY = YES;
				FRAMEWORK_SEARCH_PATHS = (
					"$(inherited)",
					"$(PLATFORM_DIR)/Developer/Library/Frameworks",
				);
				HEADER_SEARCH_PATHS = "$(inherited)";
				INFOPLIST_FILE = Locky.xcodeproj/Locky_Info.plist;
				IPHONEOS_DEPLOYMENT_TARGET = 11.0;
				LD_RUNPATH_SEARCH_PATHS = (
					"$(inherited)",
					"$(TOOLCHAIN_DIR)/usr/lib/swift/macosx",
				);
				MACOSX_DEPLOYMENT_TARGET = 10.10;
				OTHER_CFLAGS = "$(inherited)";
				OTHER_LDFLAGS = "$(inherited)";
				OTHER_SWIFT_FLAGS = "$(inherited)";
				PRODUCT_BUNDLE_IDENTIFIER = Locky;
				PRODUCT_MODULE_NAME = "$(TARGET_NAME:c99extidentifier)";
				PRODUCT_NAME = "$(TARGET_NAME:c99extidentifier)";
				SKIP_INSTALL = YES;
				SWIFT_ACTIVE_COMPILATION_CONDITIONS = "$(inherited)";
				SWIFT_VERSION = 5.0;
				TARGET_NAME = Locky;
				TVOS_DEPLOYMENT_TARGET = 11.0;
				WATCHOS_DEPLOYMENT_TARGET = 2.0;
			};
			name = Release;
		};
		OBJ_26 /* Debug */ = {
			isa = XCBuildConfiguration;
			buildSettings = {
				LD = /usr/bin/true;
				OTHER_SWIFT_FLAGS = "-swift-version 5 -I $(TOOLCHAIN_DIR)/usr/lib/swift/pm/ManifestAPI -sdk /Applications/Xcode.app/Contents/Developer/Platforms/MacOSX.platform/Developer/SDKs/MacOSX12.3.sdk -package-description-version 5.6.0";
				SWIFT_VERSION = 5.0;
			};
			name = Debug;
		};
		OBJ_27 /* Release */ = {
			isa = XCBuildConfiguration;
			buildSettings = {
				LD = /usr/bin/true;
				OTHER_SWIFT_FLAGS = "-swift-version 5 -I $(TOOLCHAIN_DIR)/usr/lib/swift/pm/ManifestAPI -sdk /Applications/Xcode.app/Contents/Developer/Platforms/MacOSX.platform/Developer/SDKs/MacOSX12.3.sdk -package-description-version 5.6.0";
				SWIFT_VERSION = 5.0;
			};
			name = Release;
		};
		OBJ_3 /* Debug */ = {
			isa = XCBuildConfiguration;
			buildSettings = {
				CLANG_ENABLE_OBJC_ARC = YES;
				COMBINE_HIDPI_IMAGES = YES;
				COPY_PHASE_STRIP = NO;
				DEBUG_INFORMATION_FORMAT = dwarf;
				DYLIB_INSTALL_NAME_BASE = "@rpath";
				ENABLE_NS_ASSERTIONS = YES;
				GCC_OPTIMIZATION_LEVEL = 0;
				GCC_PREPROCESSOR_DEFINITIONS = (
					"$(inherited)",
					"SWIFT_PACKAGE=1",
					"DEBUG=1",
				);
				MACOSX_DEPLOYMENT_TARGET = 10.10;
				ONLY_ACTIVE_ARCH = YES;
				OTHER_SWIFT_FLAGS = "$(inherited) -DXcode";
				PRODUCT_NAME = "$(TARGET_NAME)";
				SDKROOT = macosx;
				SUPPORTED_PLATFORMS = "$(AVAILABLE_PLATFORMS)";
				SUPPORTS_MACCATALYST = YES;
				SWIFT_ACTIVE_COMPILATION_CONDITIONS = "$(inherited) SWIFT_PACKAGE DEBUG";
				SWIFT_OPTIMIZATION_LEVEL = "-Onone";
				USE_HEADERMAP = NO;
			};
			name = Debug;
		};
		OBJ_32 /* Debug */ = {
			isa = XCBuildConfiguration;
			buildSettings = {
			};
			name = Debug;
		};
		OBJ_33 /* Release */ = {
			isa = XCBuildConfiguration;
			buildSettings = {
			};
			name = Release;
		};
		OBJ_37 /* Debug */ = {
			isa = XCBuildConfiguration;
			buildSettings = {
				CLANG_ENABLE_MODULES = YES;
				CURRENT_PROJECT_VERSION = 1;
				DRIVERKIT_DEPLOYMENT_TARGET = 19.0;
				EMBEDDED_CONTENT_CONTAINS_SWIFT = YES;
				FRAMEWORK_SEARCH_PATHS = (
					"$(inherited)",
					"$(PLATFORM_DIR)/Developer/Library/Frameworks",
				);
				HEADER_SEARCH_PATHS = "$(inherited)";
				INFOPLIST_FILE = Locky.xcodeproj/LockyTests_Info.plist;
				IPHONEOS_DEPLOYMENT_TARGET = 14.0;
				LD_RUNPATH_SEARCH_PATHS = (
					"$(inherited)",
					"@loader_path/../Frameworks",
					"@loader_path/Frameworks",
				);
				MACOSX_DEPLOYMENT_TARGET = 11.0;
				OTHER_CFLAGS = "$(inherited)";
				OTHER_LDFLAGS = "$(inherited)";
				OTHER_SWIFT_FLAGS = "$(inherited)";
				SWIFT_ACTIVE_COMPILATION_CONDITIONS = "$(inherited)";
				SWIFT_VERSION = 5.0;
				TARGET_NAME = LockyTests;
				TVOS_DEPLOYMENT_TARGET = 14.0;
				WATCHOS_DEPLOYMENT_TARGET = 7.0;
			};
			name = Debug;
		};
		OBJ_38 /* Release */ = {
			isa = XCBuildConfiguration;
			buildSettings = {
				CLANG_ENABLE_MODULES = YES;
				CURRENT_PROJECT_VERSION = 1;
				DRIVERKIT_DEPLOYMENT_TARGET = 19.0;
				EMBEDDED_CONTENT_CONTAINS_SWIFT = YES;
				FRAMEWORK_SEARCH_PATHS = (
					"$(inherited)",
					"$(PLATFORM_DIR)/Developer/Library/Frameworks",
				);
				HEADER_SEARCH_PATHS = "$(inherited)";
				INFOPLIST_FILE = Locky.xcodeproj/LockyTests_Info.plist;
				IPHONEOS_DEPLOYMENT_TARGET = 14.0;
				LD_RUNPATH_SEARCH_PATHS = (
					"$(inherited)",
					"@loader_path/../Frameworks",
					"@loader_path/Frameworks",
				);
				MACOSX_DEPLOYMENT_TARGET = 11.0;
				OTHER_CFLAGS = "$(inherited)";
				OTHER_LDFLAGS = "$(inherited)";
				OTHER_SWIFT_FLAGS = "$(inherited)";
				SWIFT_ACTIVE_COMPILATION_CONDITIONS = "$(inherited)";
				SWIFT_VERSION = 5.0;
				TARGET_NAME = LockyTests;
				TVOS_DEPLOYMENT_TARGET = 14.0;
				WATCHOS_DEPLOYMENT_TARGET = 7.0;
			};
			name = Release;
		};
		OBJ_4 /* Release */ = {
			isa = XCBuildConfiguration;
			buildSettings = {
				CLANG_ENABLE_OBJC_ARC = YES;
				COMBINE_HIDPI_IMAGES = YES;
				COPY_PHASE_STRIP = YES;
				DEBUG_INFORMATION_FORMAT = "dwarf-with-dsym";
				DYLIB_INSTALL_NAME_BASE = "@rpath";
				GCC_OPTIMIZATION_LEVEL = s;
				GCC_PREPROCESSOR_DEFINITIONS = (
					"$(inherited)",
					"SWIFT_PACKAGE=1",
				);
				MACOSX_DEPLOYMENT_TARGET = 10.10;
				OTHER_SWIFT_FLAGS = "$(inherited) -DXcode";
				PRODUCT_NAME = "$(TARGET_NAME)";
				SDKROOT = macosx;
				SUPPORTED_PLATFORMS = "$(AVAILABLE_PLATFORMS)";
				SUPPORTS_MACCATALYST = YES;
				SWIFT_ACTIVE_COMPILATION_CONDITIONS = "$(inherited) SWIFT_PACKAGE";
				SWIFT_COMPILATION_MODE = wholemodule;
				SWIFT_OPTIMIZATION_LEVEL = "-O";
				USE_HEADERMAP = NO;
			};
			name = Release;
		};
/* End XCBuildConfiguration section */

/* Begin XCConfigurationList section */
		OBJ_18 /* Build configuration list for PBXNativeTarget "Locky" */ = {
			isa = XCConfigurationList;
			buildConfigurations = (
				OBJ_19 /* Debug */,
				OBJ_20 /* Release */,
			);
			defaultConfigurationIsVisible = 0;
			defaultConfigurationName = Release;
		};
		OBJ_2 /* Build configuration list for PBXProject "Locky" */ = {
			isa = XCConfigurationList;
			buildConfigurations = (
				OBJ_3 /* Debug */,
				OBJ_4 /* Release */,
			);
			defaultConfigurationIsVisible = 0;
			defaultConfigurationName = Release;
		};
		OBJ_25 /* Build configuration list for PBXNativeTarget "LockyPackageDescription" */ = {
			isa = XCConfigurationList;
			buildConfigurations = (
				OBJ_26 /* Debug */,
				OBJ_27 /* Release */,
			);
			defaultConfigurationIsVisible = 0;
			defaultConfigurationName = Release;
		};
		OBJ_31 /* Build configuration list for PBXAggregateTarget "LockyPackageTests" */ = {
			isa = XCConfigurationList;
			buildConfigurations = (
				OBJ_32 /* Debug */,
				OBJ_33 /* Release */,
			);
			defaultConfigurationIsVisible = 0;
			defaultConfigurationName = Release;
		};
		OBJ_36 /* Build configuration list for PBXNativeTarget "LockyTests" */ = {
			isa = XCConfigurationList;
			buildConfigurations = (
				OBJ_37 /* Debug */,
				OBJ_38 /* Release */,
			);
			defaultConfigurationIsVisible = 0;
			defaultConfigurationName = Release;
		};
/* End XCConfigurationList section */

/* Begin XCRemoteSwiftPackageReference section */
		485D02852906EFD8000DCB94 /* XCRemoteSwiftPackageReference "Alamofire" */ = {
			isa = XCRemoteSwiftPackageReference;
			repositoryURL = "https://github.com/Alamofire/Alamofire.git";
			requirement = {
				branch = master;
				kind = branch;
			};
		};
		485D05412908335A000DCB94 /* XCRemoteSwiftPackageReference "SnapKit" */ = {
			isa = XCRemoteSwiftPackageReference;
			repositoryURL = "https://github.com/SnapKit/SnapKit.git";
			requirement = {
				kind = upToNextMajorVersion;
				minimumVersion = 5.0.1;
			};
		};
/* End XCRemoteSwiftPackageReference section */

/* Begin XCSwiftPackageProductDependency section */
		485D02862906EFD8000DCB94 /* Alamofire */ = {
			isa = XCSwiftPackageProductDependency;
			package = 485D02852906EFD8000DCB94 /* XCRemoteSwiftPackageReference "Alamofire" */;
			productName = Alamofire;
		};
		485D05422908335A000DCB94 /* SnapKit */ = {
			isa = XCSwiftPackageProductDependency;
			package = 485D05412908335A000DCB94 /* XCRemoteSwiftPackageReference "SnapKit" */;
			productName = SnapKit;
		};
/* End XCSwiftPackageProductDependency section */
	};
	rootObject = OBJ_1 /* Project object */;
}
