// !$*UTF8*$!
{
	archiveVersion = 1;
	classes = {
	};
	objectVersion = 55;
	objects = {

/* Begin PBXBuildFile section */
		4853A4A2291982C7002534FE /* Toast in Frameworks */ = {isa = PBXBuildFile; productRef = 4853A4A1291982C7002534FE /* Toast */; };
		485D025A2906E7B2000DCB94 /* AppDelegate.swift in Sources */ = {isa = PBXBuildFile; fileRef = 485D02592906E7B2000DCB94 /* AppDelegate.swift */; };
		485D025C2906E7B2000DCB94 /* SceneDelegate.swift in Sources */ = {isa = PBXBuildFile; fileRef = 485D025B2906E7B2000DCB94 /* SceneDelegate.swift */; };
		485D025E2906E7B2000DCB94 /* LockyViewController.swift in Sources */ = {isa = PBXBuildFile; fileRef = 485D025D2906E7B2000DCB94 /* LockyViewController.swift */; };
		485D02612906E7B2000DCB94 /* Main.storyboard in Resources */ = {isa = PBXBuildFile; fileRef = 485D025F2906E7B2000DCB94 /* Main.storyboard */; };
		485D02632906E7B3000DCB94 /* Assets.xcassets in Resources */ = {isa = PBXBuildFile; fileRef = 485D02622906E7B3000DCB94 /* Assets.xcassets */; };
		485D02662906E7B3000DCB94 /* LaunchScreen.storyboard in Resources */ = {isa = PBXBuildFile; fileRef = 485D02642906E7B3000DCB94 /* LaunchScreen.storyboard */; };
		485D027B2906E8A8000DCB94 /* Locky.framework in Frameworks */ = {isa = PBXBuildFile; fileRef = 485D02752906E7E9000DCB94 /* Locky.framework */; };
		485D027C2906E8A8000DCB94 /* Locky.framework in Embed Frameworks */ = {isa = PBXBuildFile; fileRef = 485D02752906E7E9000DCB94 /* Locky.framework */; settings = {ATTRIBUTES = (CodeSignOnCopy, RemoveHeadersOnCopy, ); }; };
		48C18819291936AD00F9A4C6 /* LockyView.swift in Sources */ = {isa = PBXBuildFile; fileRef = 48C18814291936AD00F9A4C6 /* LockyView.swift */; };
		48C1881B2919375900F9A4C6 /* UITextField+Placeholder.swift in Sources */ = {isa = PBXBuildFile; fileRef = 48C1881A2919375900F9A4C6 /* UITextField+Placeholder.swift */; };
		48C1882229193E1400F9A4C6 /* SnapKit in Frameworks */ = {isa = PBXBuildFile; productRef = 48C1882129193E1400F9A4C6 /* SnapKit */; };
/* End PBXBuildFile section */

/* Begin PBXContainerItemProxy section */
		485D02742906E7E9000DCB94 /* PBXContainerItemProxy */ = {
			isa = PBXContainerItemProxy;
			containerPortal = 485D026D2906E7E9000DCB94 /* Locky.xcodeproj */;
			proxyType = 2;
			remoteGlobalIDString = "locky::Locky::Product";
			remoteInfo = Locky;
		};
		485D02762906E7E9000DCB94 /* PBXContainerItemProxy */ = {
			isa = PBXContainerItemProxy;
			containerPortal = 485D026D2906E7E9000DCB94 /* Locky.xcodeproj */;
			proxyType = 2;
			remoteGlobalIDString = "locky::LockyTests::Product";
			remoteInfo = LockyTests;
		};
/* End PBXContainerItemProxy section */

/* Begin PBXCopyFilesBuildPhase section */
		485D027D2906E8A8000DCB94 /* Embed Frameworks */ = {
			isa = PBXCopyFilesBuildPhase;
			buildActionMask = 2147483647;
			dstPath = "";
			dstSubfolderSpec = 10;
			files = (
				485D027C2906E8A8000DCB94 /* Locky.framework in Embed Frameworks */,
			);
			name = "Embed Frameworks";
			runOnlyForDeploymentPostprocessing = 0;
		};
/* End PBXCopyFilesBuildPhase section */

/* Begin PBXFileReference section */
		485D02562906E7B2000DCB94 /* LockyDemo.app */ = {isa = PBXFileReference; explicitFileType = wrapper.application; includeInIndex = 0; path = LockyDemo.app; sourceTree = BUILT_PRODUCTS_DIR; };
		485D02592906E7B2000DCB94 /* AppDelegate.swift */ = {isa = PBXFileReference; lastKnownFileType = sourcecode.swift; path = AppDelegate.swift; sourceTree = "<group>"; };
		485D025B2906E7B2000DCB94 /* SceneDelegate.swift */ = {isa = PBXFileReference; lastKnownFileType = sourcecode.swift; path = SceneDelegate.swift; sourceTree = "<group>"; };
		485D025D2906E7B2000DCB94 /* LockyViewController.swift */ = {isa = PBXFileReference; lastKnownFileType = sourcecode.swift; path = LockyViewController.swift; sourceTree = "<group>"; };
		485D02602906E7B2000DCB94 /* Base */ = {isa = PBXFileReference; lastKnownFileType = file.storyboard; name = Base; path = Base.lproj/Main.storyboard; sourceTree = "<group>"; };
		485D02622906E7B3000DCB94 /* Assets.xcassets */ = {isa = PBXFileReference; lastKnownFileType = folder.assetcatalog; path = Assets.xcassets; sourceTree = "<group>"; };
		485D02652906E7B3000DCB94 /* Base */ = {isa = PBXFileReference; lastKnownFileType = file.storyboard; name = Base; path = Base.lproj/LaunchScreen.storyboard; sourceTree = "<group>"; };
		485D02672906E7B3000DCB94 /* Info.plist */ = {isa = PBXFileReference; lastKnownFileType = text.plist.xml; path = Info.plist; sourceTree = "<group>"; };
		485D026D2906E7E9000DCB94 /* Locky.xcodeproj */ = {isa = PBXFileReference; lastKnownFileType = "wrapper.pb-project"; name = Locky.xcodeproj; path = ../Locky/Locky.xcodeproj; sourceTree = "<group>"; };
		48C18814291936AD00F9A4C6 /* LockyView.swift */ = {isa = PBXFileReference; lastKnownFileType = sourcecode.swift; path = LockyView.swift; sourceTree = "<group>"; };
		48C1881A2919375900F9A4C6 /* UITextField+Placeholder.swift */ = {isa = PBXFileReference; lastKnownFileType = sourcecode.swift; path = "UITextField+Placeholder.swift"; sourceTree = "<group>"; };
/* End PBXFileReference section */

/* Begin PBXFrameworksBuildPhase section */
		485D02532906E7B2000DCB94 /* Frameworks */ = {
			isa = PBXFrameworksBuildPhase;
			buildActionMask = 2147483647;
			files = (
				4853A4A2291982C7002534FE /* Toast in Frameworks */,
				485D027B2906E8A8000DCB94 /* Locky.framework in Frameworks */,
				48C1882229193E1400F9A4C6 /* SnapKit in Frameworks */,
			);
			runOnlyForDeploymentPostprocessing = 0;
		};
/* End PBXFrameworksBuildPhase section */

/* Begin PBXGroup section */
		485D024D2906E7B2000DCB94 = {
			isa = PBXGroup;
			children = (
				485D026D2906E7E9000DCB94 /* Locky.xcodeproj */,
				485D02582906E7B2000DCB94 /* LockyDemo */,
				485D02572906E7B2000DCB94 /* Products */,
				485D027A2906E8A8000DCB94 /* Frameworks */,
			);
			sourceTree = "<group>";
		};
		485D02572906E7B2000DCB94 /* Products */ = {
			isa = PBXGroup;
			children = (
				485D02562906E7B2000DCB94 /* LockyDemo.app */,
			);
			name = Products;
			sourceTree = "<group>";
		};
		485D02582906E7B2000DCB94 /* LockyDemo */ = {
			isa = PBXGroup;
			children = (
				485D02592906E7B2000DCB94 /* AppDelegate.swift */,
				485D025B2906E7B2000DCB94 /* SceneDelegate.swift */,
				48C1881A2919375900F9A4C6 /* UITextField+Placeholder.swift */,
				485D025D2906E7B2000DCB94 /* LockyViewController.swift */,
				48C18814291936AD00F9A4C6 /* LockyView.swift */,
				485D025F2906E7B2000DCB94 /* Main.storyboard */,
				485D02622906E7B3000DCB94 /* Assets.xcassets */,
				485D02642906E7B3000DCB94 /* LaunchScreen.storyboard */,
				485D02672906E7B3000DCB94 /* Info.plist */,
			);
			path = LockyDemo;
			sourceTree = "<group>";
		};
		485D026E2906E7E9000DCB94 /* Products */ = {
			isa = PBXGroup;
			children = (
				485D02752906E7E9000DCB94 /* Locky.framework */,
				485D02772906E7E9000DCB94 /* LockyTests.xctest */,
			);
			name = Products;
			sourceTree = "<group>";
		};
		485D027A2906E8A8000DCB94 /* Frameworks */ = {
			isa = PBXGroup;
			children = (
			);
			name = Frameworks;
			sourceTree = "<group>";
		};
/* End PBXGroup section */

/* Begin PBXNativeTarget section */
		485D02552906E7B2000DCB94 /* LockyDemo */ = {
			isa = PBXNativeTarget;
			buildConfigurationList = 485D026A2906E7B3000DCB94 /* Build configuration list for PBXNativeTarget "LockyDemo" */;
			buildPhases = (
				485D02522906E7B2000DCB94 /* Sources */,
				485D02532906E7B2000DCB94 /* Frameworks */,
				485D02542906E7B2000DCB94 /* Resources */,
				485D027D2906E8A8000DCB94 /* Embed Frameworks */,
			);
			buildRules = (
			);
			dependencies = (
			);
			name = LockyDemo;
			packageProductDependencies = (
				48C1882129193E1400F9A4C6 /* SnapKit */,
				4853A4A1291982C7002534FE /* Toast */,
			);
			productName = LockyDemo;
			productReference = 485D02562906E7B2000DCB94 /* LockyDemo.app */;
			productType = "com.apple.product-type.application";
		};
/* End PBXNativeTarget section */

/* Begin PBXProject section */
		485D024E2906E7B2000DCB94 /* Project object */ = {
			isa = PBXProject;
			attributes = {
				BuildIndependentTargetsInParallel = 1;
				LastSwiftUpdateCheck = 1340;
				LastUpgradeCheck = 1340;
				TargetAttributes = {
					485D02552906E7B2000DCB94 = {
						CreatedOnToolsVersion = 13.4.1;
					};
				};
			};
			buildConfigurationList = 485D02512906E7B2000DCB94 /* Build configuration list for PBXProject "LockyDemo" */;
			compatibilityVersion = "Xcode 13.0";
			developmentRegion = en;
			hasScannedForEncodings = 0;
			knownRegions = (
				en,
				Base,
			);
			mainGroup = 485D024D2906E7B2000DCB94;
			packageReferences = (
				48C1882029193E1400F9A4C6 /* XCRemoteSwiftPackageReference "SnapKit" */,
				4853A4A0291982C7002534FE /* XCRemoteSwiftPackageReference "Toast-Swift" */,
			);
			productRefGroup = 485D02572906E7B2000DCB94 /* Products */;
			projectDirPath = "";
			projectReferences = (
				{
					ProductGroup = 485D026E2906E7E9000DCB94 /* Products */;
					ProjectRef = 485D026D2906E7E9000DCB94 /* Locky.xcodeproj */;
				},
			);
			projectRoot = "";
			targets = (
				485D02552906E7B2000DCB94 /* LockyDemo */,
			);
		};
/* End PBXProject section */

/* Begin PBXReferenceProxy section */
		485D02752906E7E9000DCB94 /* Locky.framework */ = {
			isa = PBXReferenceProxy;
			fileType = wrapper.framework;
			path = Locky.framework;
			remoteRef = 485D02742906E7E9000DCB94 /* PBXContainerItemProxy */;
			sourceTree = BUILT_PRODUCTS_DIR;
		};
		485D02772906E7E9000DCB94 /* LockyTests.xctest */ = {
			isa = PBXReferenceProxy;
			fileType = file;
			path = LockyTests.xctest;
			remoteRef = 485D02762906E7E9000DCB94 /* PBXContainerItemProxy */;
			sourceTree = BUILT_PRODUCTS_DIR;
		};
/* End PBXReferenceProxy section */

/* Begin PBXResourcesBuildPhase section */
		485D02542906E7B2000DCB94 /* Resources */ = {
			isa = PBXResourcesBuildPhase;
			buildActionMask = 2147483647;
			files = (
				485D02662906E7B3000DCB94 /* LaunchScreen.storyboard in Resources */,
				485D02632906E7B3000DCB94 /* Assets.xcassets in Resources */,
				485D02612906E7B2000DCB94 /* Main.storyboard in Resources */,
			);
			runOnlyForDeploymentPostprocessing = 0;
		};
/* End PBXResourcesBuildPhase section */

/* Begin PBXSourcesBuildPhase section */
		485D02522906E7B2000DCB94 /* Sources */ = {
			isa = PBXSourcesBuildPhase;
			buildActionMask = 2147483647;
			files = (
				485D025E2906E7B2000DCB94 /* LockyViewController.swift in Sources */,
				485D025A2906E7B2000DCB94 /* AppDelegate.swift in Sources */,
				485D025C2906E7B2000DCB94 /* SceneDelegate.swift in Sources */,
				48C18819291936AD00F9A4C6 /* LockyView.swift in Sources */,
				48C1881B2919375900F9A4C6 /* UITextField+Placeholder.swift in Sources */,
			);
			runOnlyForDeploymentPostprocessing = 0;
		};
/* End PBXSourcesBuildPhase section */

/* Begin PBXVariantGroup section */
		485D025F2906E7B2000DCB94 /* Main.storyboard */ = {
			isa = PBXVariantGroup;
			children = (
				485D02602906E7B2000DCB94 /* Base */,
			);
			name = Main.storyboard;
			sourceTree = "<group>";
		};
		485D02642906E7B3000DCB94 /* LaunchScreen.storyboard */ = {
			isa = PBXVariantGroup;
			children = (
				485D02652906E7B3000DCB94 /* Base */,
			);
			name = LaunchScreen.storyboard;
			sourceTree = "<group>";
		};
/* End PBXVariantGroup section */

/* Begin XCBuildConfiguration section */
		485D02682906E7B3000DCB94 /* Debug */ = {
			isa = XCBuildConfiguration;
			buildSettings = {
				ALWAYS_SEARCH_USER_PATHS = NO;
				CLANG_ANALYZER_NONNULL = YES;
				CLANG_ANALYZER_NUMBER_OBJECT_CONVERSION = YES_AGGRESSIVE;
				CLANG_CXX_LANGUAGE_STANDARD = "gnu++17";
				CLANG_ENABLE_MODULES = YES;
				CLANG_ENABLE_OBJC_ARC = YES;
				CLANG_ENABLE_OBJC_WEAK = YES;
				CLANG_WARN_BLOCK_CAPTURE_AUTORELEASING = YES;
				CLANG_WARN_BOOL_CONVERSION = YES;
				CLANG_WARN_COMMA = YES;
				CLANG_WARN_CONSTANT_CONVERSION = YES;
				CLANG_WARN_DEPRECATED_OBJC_IMPLEMENTATIONS = YES;
				CLANG_WARN_DIRECT_OBJC_ISA_USAGE = YES_ERROR;
				CLANG_WARN_DOCUMENTATION_COMMENTS = YES;
				CLANG_WARN_EMPTY_BODY = YES;
				CLANG_WARN_ENUM_CONVERSION = YES;
				CLANG_WARN_INFINITE_RECURSION = YES;
				CLANG_WARN_INT_CONVERSION = YES;
				CLANG_WARN_NON_LITERAL_NULL_CONVERSION = YES;
				CLANG_WARN_OBJC_IMPLICIT_RETAIN_SELF = YES;
				CLANG_WARN_OBJC_LITERAL_CONVERSION = YES;
				CLANG_WARN_OBJC_ROOT_CLASS = YES_ERROR;
				CLANG_WARN_QUOTED_INCLUDE_IN_FRAMEWORK_HEADER = YES;
				CLANG_WARN_RANGE_LOOP_ANALYSIS = YES;
				CLANG_WARN_STRICT_PROTOTYPES = YES;
				CLANG_WARN_SUSPICIOUS_MOVE = YES;
				CLANG_WARN_UNGUARDED_AVAILABILITY = YES_AGGRESSIVE;
				CLANG_WARN_UNREACHABLE_CODE = YES;
				CLANG_WARN__DUPLICATE_METHOD_MATCH = YES;
				COPY_PHASE_STRIP = NO;
				DEBUG_INFORMATION_FORMAT = dwarf;
				ENABLE_STRICT_OBJC_MSGSEND = YES;
				ENABLE_TESTABILITY = YES;
				GCC_C_LANGUAGE_STANDARD = gnu11;
				GCC_DYNAMIC_NO_PIC = NO;
				GCC_NO_COMMON_BLOCKS = YES;
				GCC_OPTIMIZATION_LEVEL = 0;
				GCC_PREPROCESSOR_DEFINITIONS = (
					"DEBUG=1",
					"$(inherited)",
				);
				GCC_WARN_64_TO_32_BIT_CONVERSION = YES;
				GCC_WARN_ABOUT_RETURN_TYPE = YES_ERROR;
				GCC_WARN_UNDECLARED_SELECTOR = YES;
				GCC_WARN_UNINITIALIZED_AUTOS = YES_AGGRESSIVE;
				GCC_WARN_UNUSED_FUNCTION = YES;
				GCC_WARN_UNUSED_VARIABLE = YES;
				IPHONEOS_DEPLOYMENT_TARGET = 13.0;
				MTL_ENABLE_DEBUG_INFO = INCLUDE_SOURCE;
				MTL_FAST_MATH = YES;
				ONLY_ACTIVE_ARCH = YES;
				SDKROOT = iphoneos;
				SWIFT_ACTIVE_COMPILATION_CONDITIONS = DEBUG;
				SWIFT_OPTIMIZATION_LEVEL = "-Onone";
			};
			name = Debug;
		};
		485D02692906E7B3000DCB94 /* Release */ = {
			isa = XCBuildConfiguration;
			buildSettings = {
				ALWAYS_SEARCH_USER_PATHS = NO;
				CLANG_ANALYZER_NONNULL = YES;
				CLANG_ANALYZER_NUMBER_OBJECT_CONVERSION = YES_AGGRESSIVE;
				CLANG_CXX_LANGUAGE_STANDARD = "gnu++17";
				CLANG_ENABLE_MODULES = YES;
				CLANG_ENABLE_OBJC_ARC = YES;
				CLANG_ENABLE_OBJC_WEAK = YES;
				CLANG_WARN_BLOCK_CAPTURE_AUTORELEASING = YES;
				CLANG_WARN_BOOL_CONVERSION = YES;
				CLANG_WARN_COMMA = YES;
				CLANG_WARN_CONSTANT_CONVERSION = YES;
				CLANG_WARN_DEPRECATED_OBJC_IMPLEMENTATIONS = YES;
				CLANG_WARN_DIRECT_OBJC_ISA_USAGE = YES_ERROR;
				CLANG_WARN_DOCUMENTATION_COMMENTS = YES;
				CLANG_WARN_EMPTY_BODY = YES;
				CLANG_WARN_ENUM_CONVERSION = YES;
				CLANG_WARN_INFINITE_RECURSION = YES;
				CLANG_WARN_INT_CONVERSION = YES;
				CLANG_WARN_NON_LITERAL_NULL_CONVERSION = YES;
				CLANG_WARN_OBJC_IMPLICIT_RETAIN_SELF = YES;
				CLANG_WARN_OBJC_LITERAL_CONVERSION = YES;
				CLANG_WARN_OBJC_ROOT_CLASS = YES_ERROR;
				CLANG_WARN_QUOTED_INCLUDE_IN_FRAMEWORK_HEADER = YES;
				CLANG_WARN_RANGE_LOOP_ANALYSIS = YES;
				CLANG_WARN_STRICT_PROTOTYPES = YES;
				CLANG_WARN_SUSPICIOUS_MOVE = YES;
				CLANG_WARN_UNGUARDED_AVAILABILITY = YES_AGGRESSIVE;
				CLANG_WARN_UNREACHABLE_CODE = YES;
				CLANG_WARN__DUPLICATE_METHOD_MATCH = YES;
				COPY_PHASE_STRIP = NO;
				DEBUG_INFORMATION_FORMAT = "dwarf-with-dsym";
				ENABLE_NS_ASSERTIONS = NO;
				ENABLE_STRICT_OBJC_MSGSEND = YES;
				GCC_C_LANGUAGE_STANDARD = gnu11;
				GCC_NO_COMMON_BLOCKS = YES;
				GCC_WARN_64_TO_32_BIT_CONVERSION = YES;
				GCC_WARN_ABOUT_RETURN_TYPE = YES_ERROR;
				GCC_WARN_UNDECLARED_SELECTOR = YES;
				GCC_WARN_UNINITIALIZED_AUTOS = YES_AGGRESSIVE;
				GCC_WARN_UNUSED_FUNCTION = YES;
				GCC_WARN_UNUSED_VARIABLE = YES;
				IPHONEOS_DEPLOYMENT_TARGET = 13.0;
				MTL_ENABLE_DEBUG_INFO = NO;
				MTL_FAST_MATH = YES;
				SDKROOT = iphoneos;
				SWIFT_COMPILATION_MODE = wholemodule;
				SWIFT_OPTIMIZATION_LEVEL = "-O";
				VALIDATE_PRODUCT = YES;
			};
			name = Release;
		};
		485D026B2906E7B3000DCB94 /* Debug */ = {
			isa = XCBuildConfiguration;
			buildSettings = {
				ASSETCATALOG_COMPILER_APPICON_NAME = AppIcon;
				ASSETCATALOG_COMPILER_GLOBAL_ACCENT_COLOR_NAME = AccentColor;
				CODE_SIGN_STYLE = Automatic;
				CURRENT_PROJECT_VERSION = 1;
				DEVELOPMENT_TEAM = LHQ7UZVNQZ;
				GENERATE_INFOPLIST_FILE = YES;
				INFOPLIST_FILE = LockyDemo/Info.plist;
				INFOPLIST_KEY_CFBundleDisplayName = Locky;
				INFOPLIST_KEY_UIApplicationSupportsIndirectInputEvents = YES;
				INFOPLIST_KEY_UILaunchStoryboardName = LaunchScreen;
				INFOPLIST_KEY_UIMainStoryboardFile = Main;
				INFOPLIST_KEY_UISupportedInterfaceOrientations_iPad = "UIInterfaceOrientationPortrait UIInterfaceOrientationPortraitUpsideDown UIInterfaceOrientationLandscapeLeft UIInterfaceOrientationLandscapeRight";
				INFOPLIST_KEY_UISupportedInterfaceOrientations_iPhone = "UIInterfaceOrientationPortrait UIInterfaceOrientationLandscapeLeft UIInterfaceOrientationLandscapeRight";
				LD_RUNPATH_SEARCH_PATHS = (
					"$(inherited)",
					"@executable_path/Frameworks",
				);
				MARKETING_VERSION = 1.0;
				PRODUCT_BUNDLE_IDENTIFIER = com.linhua.LockyDemo;
				PRODUCT_NAME = "$(TARGET_NAME)";
				SWIFT_EMIT_LOC_STRINGS = YES;
				SWIFT_VERSION = 5.0;
				TARGETED_DEVICE_FAMILY = "1,2";
			};
			name = Debug;
		};
		485D026C2906E7B3000DCB94 /* Release */ = {
			isa = XCBuildConfiguration;
			buildSettings = {
				ASSETCATALOG_COMPILER_APPICON_NAME = AppIcon;
				ASSETCATALOG_COMPILER_GLOBAL_ACCENT_COLOR_NAME = AccentColor;
				CODE_SIGN_STYLE = Automatic;
				CURRENT_PROJECT_VERSION = 1;
				DEVELOPMENT_TEAM = LHQ7UZVNQZ;
				GENERATE_INFOPLIST_FILE = YES;
				INFOPLIST_FILE = LockyDemo/Info.plist;
				INFOPLIST_KEY_CFBundleDisplayName = Locky;
				INFOPLIST_KEY_UIApplicationSupportsIndirectInputEvents = YES;
				INFOPLIST_KEY_UILaunchStoryboardName = LaunchScreen;
				INFOPLIST_KEY_UIMainStoryboardFile = Main;
				INFOPLIST_KEY_UISupportedInterfaceOrientations_iPad = "UIInterfaceOrientationPortrait UIInterfaceOrientationPortraitUpsideDown UIInterfaceOrientationLandscapeLeft UIInterfaceOrientationLandscapeRight";
				INFOPLIST_KEY_UISupportedInterfaceOrientations_iPhone = "UIInterfaceOrientationPortrait UIInterfaceOrientationLandscapeLeft UIInterfaceOrientationLandscapeRight";
				LD_RUNPATH_SEARCH_PATHS = (
					"$(inherited)",
					"@executable_path/Frameworks",
				);
				MARKETING_VERSION = 1.0;
				PRODUCT_BUNDLE_IDENTIFIER = com.linhua.LockyDemo;
				PRODUCT_NAME = "$(TARGET_NAME)";
				SWIFT_EMIT_LOC_STRINGS = YES;
				SWIFT_VERSION = 5.0;
				TARGETED_DEVICE_FAMILY = "1,2";
			};
			name = Release;
		};
/* End XCBuildConfiguration section */

/* Begin XCConfigurationList section */
		485D02512906E7B2000DCB94 /* Build configuration list for PBXProject "LockyDemo" */ = {
			isa = XCConfigurationList;
			buildConfigurations = (
				485D02682906E7B3000DCB94 /* Debug */,
				485D02692906E7B3000DCB94 /* Release */,
			);
			defaultConfigurationIsVisible = 0;
			defaultConfigurationName = Release;
		};
		485D026A2906E7B3000DCB94 /* Build configuration list for PBXNativeTarget "LockyDemo" */ = {
			isa = XCConfigurationList;
			buildConfigurations = (
				485D026B2906E7B3000DCB94 /* Debug */,
				485D026C2906E7B3000DCB94 /* Release */,
			);
			defaultConfigurationIsVisible = 0;
			defaultConfigurationName = Release;
		};
/* End XCConfigurationList section */

/* Begin XCRemoteSwiftPackageReference section */
		4853A4A0291982C7002534FE /* XCRemoteSwiftPackageReference "Toast-Swift" */ = {
			isa = XCRemoteSwiftPackageReference;
			repositoryURL = "https://github.com/scalessec/Toast-Swift";
			requirement = {
				kind = upToNextMajorVersion;
				minimumVersion = 5.0.0;
			};
		};
		48C1882029193E1400F9A4C6 /* XCRemoteSwiftPackageReference "SnapKit" */ = {
			isa = XCRemoteSwiftPackageReference;
			repositoryURL = "https://github.com/SnapKit/SnapKit.git";
			requirement = {
				kind = upToNextMajorVersion;
				minimumVersion = 5.0.0;
			};
		};
/* End XCRemoteSwiftPackageReference section */

/* Begin XCSwiftPackageProductDependency section */
		4853A4A1291982C7002534FE /* Toast */ = {
			isa = XCSwiftPackageProductDependency;
			package = 4853A4A0291982C7002534FE /* XCRemoteSwiftPackageReference "Toast-Swift" */;
			productName = Toast;
		};
		48C1882129193E1400F9A4C6 /* SnapKit */ = {
			isa = XCSwiftPackageProductDependency;
			package = 48C1882029193E1400F9A4C6 /* XCRemoteSwiftPackageReference "SnapKit" */;
			productName = SnapKit;
		};
/* End XCSwiftPackageProductDependency section */
	};
	rootObject = 485D024E2906E7B2000DCB94 /* Project object */;
}
